
Microsoft Visual Studio Solution File, Format Version 12.00
# Visual Studio 2013
VisualStudioVersion = 12.0.30501.0
MinimumVisualStudioVersion = 10.0.40219.1
Project("{FAE04EC0-301F-11D3-BF4B-00C04F79EFBC}") = "SharePointHelper.Core", "SharePointHelper.Core\SharePointHelper.Core.csproj", "{B4180774-164A-44BE-9347-BFD0268BE21D}"
EndProject
Project("{FAE04EC0-301F-11D3-BF4B-00C04F79EFBC}") = "SharePointHelper.Console", "SharePointHelper.Console\SharePointHelper.Console.csproj", "{7A50B3A1-852C-46DA-A9BB-A9AFF0D3A0FC}"
EndProject
Project("{FAE04EC0-301F-11D3-BF4B-00C04F79EFBC}") = "SharePointHelper.Service", "SharePointHelper.Service\SharePointHelper.Service.csproj", "{FF874747-E6CA-439F-B778-B442D3CAA691}"
EndProject
Global
	GlobalSection(SolutionConfigurationPlatforms) = preSolution
		Debug|Any CPU = Debug|Any CPU
		Release|Any CPU = Release|Any CPU
	EndGlobalSection
	GlobalSection(ProjectConfigurationPlatforms) = postSolution
		{B4180774-164A-44BE-9347-BFD0268BE21D}.Debug|Any CPU.ActiveCfg = Debug|Any CPU
		{B4180774-164A-44BE-9347-BFD0268BE21D}.Debug|Any CPU.Build.0 = Debug|Any CPU
		{B4180774-164A-44BE-9347-BFD0268BE21D}.Release|Any CPU.ActiveCfg = Release|Any CPU
		{B4180774-164A-44BE-9347-BFD0268BE21D}.Release|Any CPU.Build.0 = Release|Any CPU
		{7A50B3A1-852C-46DA-A9BB-A9AFF0D3A0FC}.Debug|Any CPU.ActiveCfg = Debug|Any CPU
		{7A50B3A1-852C-46DA-A9BB-A9AFF0D3A0FC}.Debug|Any CPU.Build.0 = Debug|Any CPU
		{7A50B3A1-852C-46DA-A9BB-A9AFF0D3A0FC}.Release|Any CPU.ActiveCfg = Release|Any CPU
		{7A50B3A1-852C-46DA-A9BB-A9AFF0D3A0FC}.Release|Any CPU.Build.0 = Release|Any CPU
		{FF874747-E6CA-439F-B778-B442D3CAA691}.Debug|Any CPU.ActiveCfg = Debug|Any CPU
		{FF874747-E6CA-439F-B778-B442D3CAA691}.Debug|Any CPU.Build.0 = Debug|Any CPU
		{FF874747-E6CA-439F-B778-B442D3CAA691}.Release|Any CPU.ActiveCfg = Release|Any CPU
		{FF874747-E6CA-439F-B778-B442D3CAA691}.Release|Any CPU.Build.0 = Release|Any CPU
	EndGlobalSection
	GlobalSection(SolutionProperties) = preSolution
		HideSolutionNode = FALSE
	EndGlobalSection
EndGlobal
